
Microsoft Visual Studio Solution File, Format Version 12.00
# Visual Studio Version 16
VisualStudioVersion = 25.0.1706.7
MinimumVisualStudioVersion = 10.0.40219.1
Project("{FAE04EC0-301F-11D3-BF4B-00C04F79EFBC}") = "Task1", "Console tasks\Task1.csproj", "{87DDE933-3EB3-4E5A-B838-17103D40D37E}"
EndProject
Project("{FAE04EC0-301F-11D3-BF4B-00C04F79EFBC}") = "Task2", "Task2\Task2.csproj", "{84B1C5CC-05DB-409E-B5A0-7EA60EA2EE5A}"
EndProject
Project("{FAE04EC0-301F-11D3-BF4B-00C04F79EFBC}") = "Task3", "Task3\Task3.csproj", "{D3A954FE-5592-417F-9690-508E2A31A29D}"
EndProject
Project("{FAE04EC0-301F-11D3-BF4B-00C04F79EFBC}") = "Task3.1", "Task3.1\Task3.1.csproj", "{AAD7065D-9711-4759-B84A-02AFC923DF58}"
EndProject
Project("{FAE04EC0-301F-11D3-BF4B-00C04F79EFBC}") = "Task4", "Task4\Task4.csproj", "{E45D4E1A-FDA0-4E87-99F5-7B449BCECDA4}"
EndProject
Project("{FAE04EC0-301F-11D3-BF4B-00C04F79EFBC}") = "Task5", "Task5\Task5.csproj", "{BF5F3DF6-B6F0-4CAF-911A-EF785D11DD8B}"
EndProject
Project("{FAE04EC0-301F-11D3-BF4B-00C04F79EFBC}") = "Task4.1", "Task5.1\Task4.1.csproj", "{538E3134-1D18-4E84-A922-06781F58E672}"
EndProject
Project("{FAE04EC0-301F-11D3-BF4B-00C04F79EFBC}") = "Task5.2", "Task5.2\Task5.2.csproj", "{BAEC0AB8-59FD-475D-BEF9-8843F3566C1A}"
EndProject
Project("{2150E333-8FDC-42A3-9474-1A3956D46DE8}") = "Solution Items", "Solution Items", "{AA62E690-84F1-4F85-98AF-57F80EFADBBD}"
	ProjectSection(SolutionItems) = preProject
		.editorconfig = .editorconfig
	EndProjectSection
EndProject
Project("{FAE04EC0-301F-11D3-BF4B-00C04F79EFBC}") = "Task4.2", "Task4.2\Task4.2.csproj", "{97BF7B92-EB13-41F7-AB9C-2CEF59F38D36}"
EndProject
Project("{FAE04EC0-301F-11D3-BF4B-00C04F79EFBC}") = "Task6", "Task6\Task6.csproj", "{31910942-ACB6-416D-9821-588CACBE26C2}"
EndProject
Project("{FAE04EC0-301F-11D3-BF4B-00C04F79EFBC}") = "Task4.3", "Task4.3\Task4.3.csproj", "{8F4BEAA6-5DB6-49AA-9DD1-8528CF476C82}"
EndProject
Project("{FAE04EC0-301F-11D3-BF4B-00C04F79EFBC}") = "MyListTest", "MyListTest\MyListTest.csproj", "{AA38F728-13F1-4201-85B7-60F7B0C97349}"
EndProject
Global
	GlobalSection(SolutionConfigurationPlatforms) = preSolution
		Debug|Any CPU = Debug|Any CPU
		Release|Any CPU = Release|Any CPU
	EndGlobalSection
	GlobalSection(ProjectConfigurationPlatforms) = postSolution
		{87DDE933-3EB3-4E5A-B838-17103D40D37E}.Debug|Any CPU.ActiveCfg = Debug|Any CPU
		{87DDE933-3EB3-4E5A-B838-17103D40D37E}.Debug|Any CPU.Build.0 = Debug|Any CPU
		{87DDE933-3EB3-4E5A-B838-17103D40D37E}.Release|Any CPU.ActiveCfg = Release|Any CPU
		{87DDE933-3EB3-4E5A-B838-17103D40D37E}.Release|Any CPU.Build.0 = Release|Any CPU
		{84B1C5CC-05DB-409E-B5A0-7EA60EA2EE5A}.Debug|Any CPU.ActiveCfg = Debug|Any CPU
		{84B1C5CC-05DB-409E-B5A0-7EA60EA2EE5A}.Debug|Any CPU.Build.0 = Debug|Any CPU
		{84B1C5CC-05DB-409E-B5A0-7EA60EA2EE5A}.Release|Any CPU.ActiveCfg = Release|Any CPU
		{84B1C5CC-05DB-409E-B5A0-7EA60EA2EE5A}.Release|Any CPU.Build.0 = Release|Any CPU
		{D3A954FE-5592-417F-9690-508E2A31A29D}.Debug|Any CPU.ActiveCfg = Debug|Any CPU
		{D3A954FE-5592-417F-9690-508E2A31A29D}.Debug|Any CPU.Build.0 = Debug|Any CPU
		{D3A954FE-5592-417F-9690-508E2A31A29D}.Release|Any CPU.ActiveCfg = Release|Any CPU
		{D3A954FE-5592-417F-9690-508E2A31A29D}.Release|Any CPU.Build.0 = Release|Any CPU
		{AAD7065D-9711-4759-B84A-02AFC923DF58}.Debug|Any CPU.ActiveCfg = Debug|Any CPU
		{AAD7065D-9711-4759-B84A-02AFC923DF58}.Debug|Any CPU.Build.0 = Debug|Any CPU
		{AAD7065D-9711-4759-B84A-02AFC923DF58}.Release|Any CPU.ActiveCfg = Release|Any CPU
		{AAD7065D-9711-4759-B84A-02AFC923DF58}.Release|Any CPU.Build.0 = Release|Any CPU
		{E45D4E1A-FDA0-4E87-99F5-7B449BCECDA4}.Debug|Any CPU.ActiveCfg = Debug|Any CPU
		{E45D4E1A-FDA0-4E87-99F5-7B449BCECDA4}.Debug|Any CPU.Build.0 = Debug|Any CPU
		{E45D4E1A-FDA0-4E87-99F5-7B449BCECDA4}.Release|Any CPU.ActiveCfg = Release|Any CPU
		{E45D4E1A-FDA0-4E87-99F5-7B449BCECDA4}.Release|Any CPU.Build.0 = Release|Any CPU
		{BF5F3DF6-B6F0-4CAF-911A-EF785D11DD8B}.Debug|Any CPU.ActiveCfg = Debug|Any CPU
		{BF5F3DF6-B6F0-4CAF-911A-EF785D11DD8B}.Debug|Any CPU.Build.0 = Debug|Any CPU
		{BF5F3DF6-B6F0-4CAF-911A-EF785D11DD8B}.Release|Any CPU.ActiveCfg = Release|Any CPU
		{BF5F3DF6-B6F0-4CAF-911A-EF785D11DD8B}.Release|Any CPU.Build.0 = Release|Any CPU
		{538E3134-1D18-4E84-A922-06781F58E672}.Debug|Any CPU.ActiveCfg = Debug|Any CPU
		{538E3134-1D18-4E84-A922-06781F58E672}.Debug|Any CPU.Build.0 = Debug|Any CPU
		{538E3134-1D18-4E84-A922-06781F58E672}.Release|Any CPU.ActiveCfg = Release|Any CPU
		{538E3134-1D18-4E84-A922-06781F58E672}.Release|Any CPU.Build.0 = Release|Any CPU
		{BAEC0AB8-59FD-475D-BEF9-8843F3566C1A}.Debug|Any CPU.ActiveCfg = Debug|Any CPU
		{BAEC0AB8-59FD-475D-BEF9-8843F3566C1A}.Debug|Any CPU.Build.0 = Debug|Any CPU
		{BAEC0AB8-59FD-475D-BEF9-8843F3566C1A}.Release|Any CPU.ActiveCfg = Release|Any CPU
		{BAEC0AB8-59FD-475D-BEF9-8843F3566C1A}.Release|Any CPU.Build.0 = Release|Any CPU
		{97BF7B92-EB13-41F7-AB9C-2CEF59F38D36}.Debug|Any CPU.ActiveCfg = Debug|Any CPU
		{97BF7B92-EB13-41F7-AB9C-2CEF59F38D36}.Debug|Any CPU.Build.0 = Debug|Any CPU
		{97BF7B92-EB13-41F7-AB9C-2CEF59F38D36}.Release|Any CPU.ActiveCfg = Release|Any CPU
		{97BF7B92-EB13-41F7-AB9C-2CEF59F38D36}.Release|Any CPU.Build.0 = Release|Any CPU
		{31910942-ACB6-416D-9821-588CACBE26C2}.Debug|Any CPU.ActiveCfg = Debug|Any CPU
		{31910942-ACB6-416D-9821-588CACBE26C2}.Debug|Any CPU.Build.0 = Debug|Any CPU
		{31910942-ACB6-416D-9821-588CACBE26C2}.Release|Any CPU.ActiveCfg = Release|Any CPU
		{31910942-ACB6-416D-9821-588CACBE26C2}.Release|Any CPU.Build.0 = Release|Any CPU
		{8F4BEAA6-5DB6-49AA-9DD1-8528CF476C82}.Debug|Any CPU.ActiveCfg = Debug|Any CPU
		{8F4BEAA6-5DB6-49AA-9DD1-8528CF476C82}.Debug|Any CPU.Build.0 = Debug|Any CPU
		{8F4BEAA6-5DB6-49AA-9DD1-8528CF476C82}.Release|Any CPU.ActiveCfg = Release|Any CPU
		{8F4BEAA6-5DB6-49AA-9DD1-8528CF476C82}.Release|Any CPU.Build.0 = Release|Any CPU
		{AA38F728-13F1-4201-85B7-60F7B0C97349}.Debug|Any CPU.ActiveCfg = Debug|Any CPU
		{AA38F728-13F1-4201-85B7-60F7B0C97349}.Debug|Any CPU.Build.0 = Debug|Any CPU
		{AA38F728-13F1-4201-85B7-60F7B0C97349}.Release|Any CPU.ActiveCfg = Release|Any CPU
		{AA38F728-13F1-4201-85B7-60F7B0C97349}.Release|Any CPU.Build.0 = Release|Any CPU
	EndGlobalSection
	GlobalSection(SolutionProperties) = preSolution
		HideSolutionNode = FALSE
	EndGlobalSection
	GlobalSection(ExtensibilityGlobals) = postSolution
		SolutionGuid = {6EC80D10-D548-4EC1-BAD5-A1599A6A80DC}
	EndGlobalSection
	GlobalSection(NestedProjects) = preSolution
	EndGlobalSection
EndGlobal
