
Microsoft Visual Studio Solution File, Format Version 12.00
# Visual Studio Version 16
VisualStudioVersion = 25.0.1706.7
MinimumVisualStudioVersion = 10.0.40219.1
Project("{FAE04EC0-301F-11D3-BF4B-00C04F79EFBC}") = "Task1", "Console tasks\Task1.csproj", "{87DDE933-3EB3-4E5A-B838-17103D40D37E}"
EndProject
Project("{FAE04EC0-301F-11D3-BF4B-00C04F79EFBC}") = "Task2", "Task2\Task2.csproj", "{84B1C5CC-05DB-409E-B5A0-7EA60EA2EE5A}"
EndProject
Project("{FAE04EC0-301F-11D3-BF4B-00C04F79EFBC}") = "Task3", "Task3\Task3.csproj", "{D3A954FE-5592-417F-9690-508E2A31A29D}"
EndProject
Project("{FAE04EC0-301F-11D3-BF4B-00C04F79EFBC}") = "Task3.1", "Task3.1\Task3.1.csproj", "{AAD7065D-9711-4759-B84A-02AFC923DF58}"
EndProject
Project("{FAE04EC0-301F-11D3-BF4B-00C04F79EFBC}") = "Task4", "Task4\Task4.csproj", "{E45D4E1A-FDA0-4E87-99F5-7B449BCECDA4}"
EndProject
Project("{FAE04EC0-301F-11D3-BF4B-00C04F79EFBC}") = "Task5", "Task5\Task5.csproj", "{BF5F3DF6-B6F0-4CAF-911A-EF785D11DD8B}"
EndProject
Global
	GlobalSection(SolutionConfigurationPlatforms) = preSolution
		Debug|Any CPU = Debug|Any CPU
		Release|Any CPU = Release|Any CPU
	EndGlobalSection
	GlobalSection(ProjectConfigurationPlatforms) = postSolution
		{87DDE933-3EB3-4E5A-B838-17103D40D37E}.Debug|Any CPU.ActiveCfg = Debug|Any CPU
		{87DDE933-3EB3-4E5A-B838-17103D40D37E}.Debug|Any CPU.Build.0 = Debug|Any CPU
		{87DDE933-3EB3-4E5A-B838-17103D40D37E}.Release|Any CPU.ActiveCfg = Release|Any CPU
		{87DDE933-3EB3-4E5A-B838-17103D40D37E}.Release|Any CPU.Build.0 = Release|Any CPU
		{84B1C5CC-05DB-409E-B5A0-7EA60EA2EE5A}.Debug|Any CPU.ActiveCfg = Debug|Any CPU
		{84B1C5CC-05DB-409E-B5A0-7EA60EA2EE5A}.Debug|Any CPU.Build.0 = Debug|Any CPU
		{84B1C5CC-05DB-409E-B5A0-7EA60EA2EE5A}.Release|Any CPU.ActiveCfg = Release|Any CPU
		{84B1C5CC-05DB-409E-B5A0-7EA60EA2EE5A}.Release|Any CPU.Build.0 = Release|Any CPU
		{D3A954FE-5592-417F-9690-508E2A31A29D}.Debug|Any CPU.ActiveCfg = Debug|Any CPU
		{D3A954FE-5592-417F-9690-508E2A31A29D}.Debug|Any CPU.Build.0 = Debug|Any CPU
		{D3A954FE-5592-417F-9690-508E2A31A29D}.Release|Any CPU.ActiveCfg = Release|Any CPU
		{D3A954FE-5592-417F-9690-508E2A31A29D}.Release|Any CPU.Build.0 = Release|Any CPU
		{AAD7065D-9711-4759-B84A-02AFC923DF58}.Debug|Any CPU.ActiveCfg = Debug|Any CPU
		{AAD7065D-9711-4759-B84A-02AFC923DF58}.Debug|Any CPU.Build.0 = Debug|Any CPU
		{AAD7065D-9711-4759-B84A-02AFC923DF58}.Release|Any CPU.ActiveCfg = Release|Any CPU
		{AAD7065D-9711-4759-B84A-02AFC923DF58}.Release|Any CPU.Build.0 = Release|Any CPU
		{E45D4E1A-FDA0-4E87-99F5-7B449BCECDA4}.Debug|Any CPU.ActiveCfg = Debug|Any CPU
		{E45D4E1A-FDA0-4E87-99F5-7B449BCECDA4}.Debug|Any CPU.Build.0 = Debug|Any CPU
		{E45D4E1A-FDA0-4E87-99F5-7B449BCECDA4}.Release|Any CPU.ActiveCfg = Release|Any CPU
		{E45D4E1A-FDA0-4E87-99F5-7B449BCECDA4}.Release|Any CPU.Build.0 = Release|Any CPU
		{BF5F3DF6-B6F0-4CAF-911A-EF785D11DD8B}.Debug|Any CPU.ActiveCfg = Debug|Any CPU
		{BF5F3DF6-B6F0-4CAF-911A-EF785D11DD8B}.Debug|Any CPU.Build.0 = Debug|Any CPU
		{BF5F3DF6-B6F0-4CAF-911A-EF785D11DD8B}.Release|Any CPU.ActiveCfg = Release|Any CPU
		{BF5F3DF6-B6F0-4CAF-911A-EF785D11DD8B}.Release|Any CPU.Build.0 = Release|Any CPU
	EndGlobalSection
	GlobalSection(SolutionProperties) = preSolution
		HideSolutionNode = FALSE
	EndGlobalSection
	GlobalSection(ExtensibilityGlobals) = postSolution
		SolutionGuid = {6EC80D10-D548-4EC1-BAD5-A1599A6A80DC}
	EndGlobalSection
EndGlobal
